41.neocities.org/protobuf v1.3.9 h1:DTiGoi+4VRiL/fbazfHuN1jR5Zpsat0YrpKFOcg9w00=
41.neocities.org/protobuf v1.3.9/go.mod h1:IkdWzRl6U/qkDzoZ7kuL70HMBPYGsFS0go5Ifv7qS0I=
github.com/chmike/cmac-go v1.1.0 h1:aF73ZAEx9N2WdQc93DOJ2fMsBDAGqUtuenjMJMb3kEI=
github.com/chmike/cmac-go v1.1.0/go.mod h1:wcIN7NRqWSKGuORzd4dReBkoBDE9ZBqfyTVxyDxGeUw=
google.golang.org/protobuf v1.35.1 h1:m3LfL6/Ca+fqnjnlqQXNpFPABW1UD7mjh8KO2mKFytA=
google.golang.org/protobuf v1.35.1/go.mod h1:9fA7Ob0pmnwhb644+1+CVWFRbNajQ6iRojtC/QF5bRE=
